
Microsoft Visual Studio Solution File, Format Version 12.00
# Visual Studio Version 17
VisualStudioVersion = 17.8.34330.188
MinimumVisualStudioVersion = 10.0.40219.1
Project("{FAE04EC0-301F-11D3-BF4B-00C04F79EFBC}") = "M6P3Football", "M6P3Football.csproj", "{03FACBCF-5151-4B64-BDC3-813AA30BB627}"
EndProject
Global
	GlobalSection(SolutionConfigurationPlatforms) = preSolution
		Debug|Any CPU = Debug|Any CPU
		Release|Any CPU = Release|Any CPU
	EndGlobalSection
	GlobalSection(ProjectConfigurationPlatforms) = postSolution
		{03FACBCF-5151-4B64-BDC3-813AA30BB627}.Debug|Any CPU.ActiveCfg = Debug|Any CPU
		{03FACBCF-5151-4B64-BDC3-813AA30BB627}.Debug|Any CPU.Build.0 = Debug|Any CPU
		{03FACBCF-5151-4B64-BDC3-813AA30BB627}.Release|Any CPU.ActiveCfg = Release|Any CPU
		{03FACBCF-5151-4B64-BDC3-813AA30BB627}.Release|Any CPU.Build.0 = Release|Any CPU
	EndGlobalSection
	GlobalSection(SolutionProperties) = preSolution
		HideSolutionNode = FALSE
	EndGlobalSection
	GlobalSection(ExtensibilityGlobals) = postSolution
		SolutionGuid = {57432D49-F587-4F08-A45C-DE085440D2FA}
	EndGlobalSection
EndGlobal
